
Microsoft Visual Studio Solution File, Format Version 12.00
# Visual Studio Version 17
VisualStudioVersion = 17.14.36414.22 d17.14
MinimumVisualStudioVersion = 10.0.40219.1
Project("{FAE04EC0-301F-11D3-BF4B-00C04F79EFBC}") = "BTWindowForm4", "BTWindowForm4\BTWindowForm4.csproj", "{F2553FC7-E1F9-405D-BF1B-E2B6D162FB8F}"
EndProject
Global
	GlobalSection(SolutionConfigurationPlatforms) = preSolution
		Debug|Any CPU = Debug|Any CPU
		Release|Any CPU = Release|Any CPU
	EndGlobalSection
	GlobalSection(ProjectConfigurationPlatforms) = postSolution
		{F2553FC7-E1F9-405D-BF1B-E2B6D162FB8F}.Debug|Any CPU.ActiveCfg = Debug|Any CPU
		{F2553FC7-E1F9-405D-BF1B-E2B6D162FB8F}.Debug|Any CPU.Build.0 = Debug|Any CPU
		{F2553FC7-E1F9-405D-BF1B-E2B6D162FB8F}.Release|Any CPU.ActiveCfg = Release|Any CPU
		{F2553FC7-E1F9-405D-BF1B-E2B6D162FB8F}.Release|Any CPU.Build.0 = Release|Any CPU
	EndGlobalSection
	GlobalSection(SolutionProperties) = preSolution
		HideSolutionNode = FALSE
	EndGlobalSection
	GlobalSection(ExtensibilityGlobals) = postSolution
		SolutionGuid = {B214FA3D-9C07-4B10-BCD3-17B61BBABDBE}
	EndGlobalSection
EndGlobal
